github.com/Reales09/figuras v0.0.0-20230510174813-15689252b050 h1:EAXePRCCx7ct4WMvjzCXSQiTwWH0PwqUk1rs74ttVvw=
github.com/Reales09/figuras v0.0.0-20230510174813-15689252b050/go.mod h1:XzdbmwwU/IooxzlfcPuDiSHz0xsGVHQq1OthbMMk3hk=
github.com/donvito/hellomod v1.0.1 h1:tOU3KDwvrGW7QUHXYQnk6YUD+92aTsRmJItJTD9f4I4=
github.com/donvito/hellomod v1.0.1/go.mod h1:DuOSvrBCwGkjX0WS5ohdpC/q67fS0Mde3LEM+2jeHSw=
